# This file is automatically @generated by pesde.
# It is not intended for manual editing.
format = 2
name = "emdomanus/pulse"
version = "0.2.0"
target = "roblox"

[graph."emdomanus/tempo@0.2.0 roblox"]
direct = ["tempo", { name = "emdomanus/tempo", version = "^0.2.0", index = "default" }, "standard"]

[graph."emdomanus/tempo@0.2.0 roblox".pkg_ref]
ref_ty = "pesde"
index_url = "https://github.com/pesde-pkg/index"
